# This is a Gradle generated file for dependency locking.
# Manual edits can break the build and are not advised.
# This file is expected to be part of source control.
aopalliance:aopalliance:1.0=compileClasspath,runtimeClasspath,testCompileClasspath,testRuntimeClasspath
com.google.guava:failureaccess:1.0.1=compileClasspath,runtimeClasspath,testCompileClasspath,testRuntimeClasspath
com.google.guava:guava:31.1-jre=compileClasspath,runtimeClasspath,testCompileClasspath,testRuntimeClasspath
com.google.inject:guice:4.2.2=compileClasspath,runtimeClasspath,testCompileClasspath,testRuntimeClasspath
commons-cli:commons-cli:1.4=compileClasspath,runtimeClasspath,testCompileClasspath,testRuntimeClasspath
commons-io:commons-io:2.11.0=compileClasspath,runtimeClasspath,testCompileClasspath,testRuntimeClasspath
io.quarkus:quarkus-bom:2.11.2.Final=compileClasspath,runtimeClasspath,testCompileClasspath,testRuntimeClasspath
org.apache.commons:commons-lang3:3.12.0=compileClasspath,runtimeClasspath,testCompileClasspath,testRuntimeClasspath
org.apache.maven.resolver:maven-resolver-api:1.6.3=compileClasspath,runtimeClasspath,testCompileClasspath,testRuntimeClasspath
org.apache.maven.resolver:maven-resolver-impl:1.6.3=compileClasspath,runtimeClasspath,testCompileClasspath,testRuntimeClasspath
org.apache.maven.resolver:maven-resolver-spi:1.6.3=compileClasspath,runtimeClasspath,testCompileClasspath,testRuntimeClasspath
org.apache.maven.resolver:maven-resolver-util:1.6.3=compileClasspath,runtimeClasspath,testCompileClasspath,testRuntimeClasspath
org.apache.maven.shared:maven-shared-utils:3.3.4=compileClasspath,runtimeClasspath,testCompileClasspath,testRuntimeClasspath
org.apache.maven:maven-artifact:3.8.6=compileClasspath,runtimeClasspath,testCompileClasspath,testRuntimeClasspath
org.apache.maven:maven-builder-support:3.8.6=compileClasspath,runtimeClasspath,testCompileClasspath,testRuntimeClasspath
org.apache.maven:maven-core:3.8.6=compileClasspath,runtimeClasspath,testCompileClasspath,testRuntimeClasspath
org.apache.maven:maven-embedder:3.8.6=compileClasspath,runtimeClasspath,testCompileClasspath,testRuntimeClasspath
org.apache.maven:maven-model-builder:3.8.6=compileClasspath,runtimeClasspath,testCompileClasspath,testRuntimeClasspath
org.apache.maven:maven-model:3.8.6=compileClasspath,runtimeClasspath,testCompileClasspath,testRuntimeClasspath
org.apache.maven:maven-plugin-api:3.8.6=compileClasspath,runtimeClasspath,testCompileClasspath,testRuntimeClasspath
org.apache.maven:maven-repository-metadata:3.8.6=compileClasspath,runtimeClasspath,testCompileClasspath,testRuntimeClasspath
org.apache.maven:maven-resolver-provider:3.8.6=compileClasspath,runtimeClasspath,testCompileClasspath,testRuntimeClasspath
org.apache.maven:maven-settings-builder:3.8.6=compileClasspath,runtimeClasspath,testCompileClasspath,testRuntimeClasspath
org.apache.maven:maven-settings:3.8.6=compileClasspath,runtimeClasspath,testCompileClasspath,testRuntimeClasspath
org.codehaus.plexus:plexus-cipher:2.0=compileClasspath,runtimeClasspath,testCompileClasspath,testRuntimeClasspath
org.codehaus.plexus:plexus-classworlds:2.6.0=compileClasspath,runtimeClasspath,testCompileClasspath,testRuntimeClasspath
org.codehaus.plexus:plexus-component-annotations:2.1.0=compileClasspath,runtimeClasspath,testCompileClasspath,testRuntimeClasspath
org.codehaus.plexus:plexus-interpolation:1.26=compileClasspath,runtimeClasspath,testCompileClasspath,testRuntimeClasspath
org.codehaus.plexus:plexus-sec-dispatcher:2.0=compileClasspath,runtimeClasspath,testCompileClasspath,testRuntimeClasspath
org.eclipse.sisu:org.eclipse.sisu.inject:0.3.5=compileClasspath,runtimeClasspath,testCompileClasspath,testRuntimeClasspath
org.eclipse.sisu:org.eclipse.sisu.plexus:0.3.5=compileClasspath,runtimeClasspath,testCompileClasspath,testRuntimeClasspath
empty=annotationProcessor,testAnnotationProcessor
